
Microsoft Visual Studio Solution File, Format Version 12.00
# Visual Studio 15
Project("{FAE04EC0-301F-11D3-BF4B-00C04F79EFBC}") = "Assembly-CSharp", "Assembly-CSharp.csproj", "{1439E7F6-0A77-B0F0-E482-1B8686C4EC34}"
EndProject
Global
	GlobalSection(SolutionConfigurationPlatforms) = preSolution
		Debug|Any CPU = Debug|Any CPU
		Release|Any CPU = Release|Any CPU
	EndGlobalSection
	GlobalSection(ProjectConfigurationPlatforms) = postSolution
		{1439E7F6-0A77-B0F0-E482-1B8686C4EC34}.Debug|Any CPU.ActiveCfg = Debug|Any CPU
		{1439E7F6-0A77-B0F0-E482-1B8686C4EC34}.Debug|Any CPU.Build.0 = Debug|Any CPU
		{1439E7F6-0A77-B0F0-E482-1B8686C4EC34}.Release|Any CPU.ActiveCfg = Release|Any CPU
		{1439E7F6-0A77-B0F0-E482-1B8686C4EC34}.Release|Any CPU.Build.0 = Release|Any CPU
	EndGlobalSection
	GlobalSection(SolutionProperties) = preSolution
		HideSolutionNode = FALSE
	EndGlobalSection
EndGlobal
